
Microsoft Visual Studio Solution File, Format Version 12.00
# Visual Studio Version 16
VisualStudioVersion = 16.0.32413.511
MinimumVisualStudioVersion = 10.0.40219.1
Project("{FAE04EC0-301F-11D3-BF4B-00C04F79EFBC}") = "Models", "Models\Models.csproj", "{574FFEF6-BA8D-4532-BC34-CE69D5EA2759}"
EndProject
Project("{FAE04EC0-301F-11D3-BF4B-00C04F79EFBC}") = "DAL", "DAL\DAL.csproj", "{AFE8829E-6AC0-43ED-9741-31EC22269967}"
EndProject
Global
	GlobalSection(SolutionConfigurationPlatforms) = preSolution
		Debug|Any CPU = Debug|Any CPU
		Release|Any CPU = Release|Any CPU
	EndGlobalSection
	GlobalSection(ProjectConfigurationPlatforms) = postSolution
		{574FFEF6-BA8D-4532-BC34-CE69D5EA2759}.Debug|Any CPU.ActiveCfg = Debug|Any CPU
		{574FFEF6-BA8D-4532-BC34-CE69D5EA2759}.Debug|Any CPU.Build.0 = Debug|Any CPU
		{574FFEF6-BA8D-4532-BC34-CE69D5EA2759}.Release|Any CPU.ActiveCfg = Release|Any CPU
		{574FFEF6-BA8D-4532-BC34-CE69D5EA2759}.Release|Any CPU.Build.0 = Release|Any CPU
		{AFE8829E-6AC0-43ED-9741-31EC22269967}.Debug|Any CPU.ActiveCfg = Debug|Any CPU
		{AFE8829E-6AC0-43ED-9741-31EC22269967}.Debug|Any CPU.Build.0 = Debug|Any CPU
		{AFE8829E-6AC0-43ED-9741-31EC22269967}.Release|Any CPU.ActiveCfg = Release|Any CPU
		{AFE8829E-6AC0-43ED-9741-31EC22269967}.Release|Any CPU.Build.0 = Release|Any CPU
	EndGlobalSection
	GlobalSection(SolutionProperties) = preSolution
		HideSolutionNode = FALSE
	EndGlobalSection
	GlobalSection(ExtensibilityGlobals) = postSolution
		SolutionGuid = {C87525E1-897D-4B42-9611-94958E0B936F}
	EndGlobalSection
EndGlobal
